{
  "object": {
    "pins": [
      {
        "package": "StubKit",
        "repositoryURL": "https://github.com/kateinoigakukun/StubKit",
        "state": {
          "branch": null,
          "revision": "6d3c5d8dec873b8b0c4e4ae5832cb91218b8f858",
          "version": "0.1.7"
        }
      }
    ]
  },
  "version": 1
}
